
Microsoft Visual Studio Solution File, Format Version 12.00
# Visual Studio Version 16
VisualStudioVersion = 16.0.31624.102
MinimumVisualStudioVersion = 10.0.40219.1
Project("{8BC9CEB8-8B4A-11D0-8D11-00A0C91BC942}") = "посик простых чисел", "посик простых чисел\посик простых чисел.vcxproj", "{6BB25A48-633E-427C-B4FB-BDEDE20A1C9B}"
EndProject
Global
	GlobalSection(SolutionConfigurationPlatforms) = preSolution
		Debug|x64 = Debug|x64
		Debug|x86 = Debug|x86
		Release|x64 = Release|x64
		Release|x86 = Release|x86
	EndGlobalSection
	GlobalSection(ProjectConfigurationPlatforms) = postSolution
		{6BB25A48-633E-427C-B4FB-BDEDE20A1C9B}.Debug|x64.ActiveCfg = Debug|x64
		{6BB25A48-633E-427C-B4FB-BDEDE20A1C9B}.Debug|x64.Build.0 = Debug|x64
		{6BB25A48-633E-427C-B4FB-BDEDE20A1C9B}.Debug|x86.ActiveCfg = Debug|Win32
		{6BB25A48-633E-427C-B4FB-BDEDE20A1C9B}.Debug|x86.Build.0 = Debug|Win32
		{6BB25A48-633E-427C-B4FB-BDEDE20A1C9B}.Release|x64.ActiveCfg = Release|x64
		{6BB25A48-633E-427C-B4FB-BDEDE20A1C9B}.Release|x64.Build.0 = Release|x64
		{6BB25A48-633E-427C-B4FB-BDEDE20A1C9B}.Release|x86.ActiveCfg = Release|Win32
		{6BB25A48-633E-427C-B4FB-BDEDE20A1C9B}.Release|x86.Build.0 = Release|Win32
	EndGlobalSection
	GlobalSection(SolutionProperties) = preSolution
		HideSolutionNode = FALSE
	EndGlobalSection
	GlobalSection(ExtensibilityGlobals) = postSolution
		SolutionGuid = {2E30524E-CAC5-4CC8-8D35-D0686FE670B2}
	EndGlobalSection
EndGlobal
