
Microsoft Visual Studio Solution File, Format Version 12.00
# Visual Studio Version 16
VisualStudioVersion = 16.0.31624.102
MinimumVisualStudioVersion = 10.0.40219.1
Project("{8BC9CEB8-8B4A-11D0-8D11-00A0C91BC942}") = "poco_request", "poco_request\poco_request.vcxproj", "{8503223A-F946-4024-A838-EE65FD5A104D}"
EndProject
Global
	GlobalSection(SolutionConfigurationPlatforms) = preSolution
		Debug|x64 = Debug|x64
		Debug|x86 = Debug|x86
		Release|x64 = Release|x64
		Release|x86 = Release|x86
	EndGlobalSection
	GlobalSection(ProjectConfigurationPlatforms) = postSolution
		{8503223A-F946-4024-A838-EE65FD5A104D}.Debug|x64.ActiveCfg = Debug|x64
		{8503223A-F946-4024-A838-EE65FD5A104D}.Debug|x64.Build.0 = Debug|x64
		{8503223A-F946-4024-A838-EE65FD5A104D}.Debug|x86.ActiveCfg = Debug|Win32
		{8503223A-F946-4024-A838-EE65FD5A104D}.Debug|x86.Build.0 = Debug|Win32
		{8503223A-F946-4024-A838-EE65FD5A104D}.Release|x64.ActiveCfg = Release|x64
		{8503223A-F946-4024-A838-EE65FD5A104D}.Release|x64.Build.0 = Release|x64
		{8503223A-F946-4024-A838-EE65FD5A104D}.Release|x86.ActiveCfg = Release|Win32
		{8503223A-F946-4024-A838-EE65FD5A104D}.Release|x86.Build.0 = Release|Win32
	EndGlobalSection
	GlobalSection(SolutionProperties) = preSolution
		HideSolutionNode = FALSE
	EndGlobalSection
	GlobalSection(ExtensibilityGlobals) = postSolution
		SolutionGuid = {15BF97A0-5457-47FF-866A-6FE1446E519C}
	EndGlobalSection
EndGlobal
